
Microsoft Visual Studio Solution File, Format Version 12.00
# Visual Studio Version 16
VisualStudioVersion = 16.0.30204.135
MinimumVisualStudioVersion = 10.0.40219.1
Project("{FAE04EC0-301F-11D3-BF4B-00C04F79EFBC}") = "FpCSharpCore", "FpCSharpCore.csproj", "{695A3BC7-C193-47B2-BCEF-FE26E801DC41}"
EndProject
Global
	GlobalSection(SolutionConfigurationPlatforms) = preSolution
		Debug|Any CPU = Debug|Any CPU
		Release|Any CPU = Release|Any CPU
	EndGlobalSection
	GlobalSection(ProjectConfigurationPlatforms) = postSolution
		{695A3BC7-C193-47B2-BCEF-FE26E801DC41}.Debug|Any CPU.ActiveCfg = Debug|Any CPU
		{695A3BC7-C193-47B2-BCEF-FE26E801DC41}.Debug|Any CPU.Build.0 = Debug|Any CPU
		{695A3BC7-C193-47B2-BCEF-FE26E801DC41}.Release|Any CPU.ActiveCfg = Release|Any CPU
		{695A3BC7-C193-47B2-BCEF-FE26E801DC41}.Release|Any CPU.Build.0 = Release|Any CPU
	EndGlobalSection
	GlobalSection(SolutionProperties) = preSolution
		HideSolutionNode = FALSE
	EndGlobalSection
	GlobalSection(ExtensibilityGlobals) = postSolution
		SolutionGuid = {194B1908-1A68-4FDB-9188-B6208F1B2CFE}
	EndGlobalSection
EndGlobal
